
Microsoft Visual Studio Solution File, Format Version 12.00
# Visual Studio Version 17
VisualStudioVersion = 17.13.35825.156 d17.13
MinimumVisualStudioVersion = 10.0.40219.1
Project("{FAE04EC0-301F-11D3-BF4B-00C04F79EFBC}") = "RestoranMenu", "RestoranMenu\RestoranMenu.csproj", "{545B5A1F-237D-44F8-8E48-DB60D9E69314}"
EndProject
Global
	GlobalSection(SolutionConfigurationPlatforms) = preSolution
		Debug|Any CPU = Debug|Any CPU
		Release|Any CPU = Release|Any CPU
	EndGlobalSection
	GlobalSection(ProjectConfigurationPlatforms) = postSolution
		{545B5A1F-237D-44F8-8E48-DB60D9E69314}.Debug|Any CPU.ActiveCfg = Debug|Any CPU
		{545B5A1F-237D-44F8-8E48-DB60D9E69314}.Debug|Any CPU.Build.0 = Debug|Any CPU
		{545B5A1F-237D-44F8-8E48-DB60D9E69314}.Release|Any CPU.ActiveCfg = Release|Any CPU
		{545B5A1F-237D-44F8-8E48-DB60D9E69314}.Release|Any CPU.Build.0 = Release|Any CPU
	EndGlobalSection
	GlobalSection(SolutionProperties) = preSolution
		HideSolutionNode = FALSE
	EndGlobalSection
	GlobalSection(ExtensibilityGlobals) = postSolution
		SolutionGuid = {1F217D89-7F95-4FA0-B027-ADBF43E50D5F}
	EndGlobalSection
EndGlobal
